
Microsoft Visual Studio Solution File, Format Version 12.00
# Visual Studio 15
VisualStudioVersion = 15.0.27428.2015
MinimumVisualStudioVersion = 10.0.40219.1
Project("{FAE04EC0-301F-11D3-BF4B-00C04F79EFBC}") = "20180404_2_6_Homework_Calculator", "20180404_2_6_Homework_Calculator\20180404_2_6_Homework_Calculator.csproj", "{FB5A2EE3-EDBE-45DC-9F3E-954D6EB5DE93}"
EndProject
Global
	GlobalSection(SolutionConfigurationPlatforms) = preSolution
		Debug|Any CPU = Debug|Any CPU
		Release|Any CPU = Release|Any CPU
	EndGlobalSection
	GlobalSection(ProjectConfigurationPlatforms) = postSolution
		{FB5A2EE3-EDBE-45DC-9F3E-954D6EB5DE93}.Debug|Any CPU.ActiveCfg = Debug|Any CPU
		{FB5A2EE3-EDBE-45DC-9F3E-954D6EB5DE93}.Debug|Any CPU.Build.0 = Debug|Any CPU
		{FB5A2EE3-EDBE-45DC-9F3E-954D6EB5DE93}.Release|Any CPU.ActiveCfg = Release|Any CPU
		{FB5A2EE3-EDBE-45DC-9F3E-954D6EB5DE93}.Release|Any CPU.Build.0 = Release|Any CPU
	EndGlobalSection
	GlobalSection(SolutionProperties) = preSolution
		HideSolutionNode = FALSE
	EndGlobalSection
	GlobalSection(ExtensibilityGlobals) = postSolution
		SolutionGuid = {C95146E8-C6D0-487E-9B0A-1F6724DFDC64}
	EndGlobalSection
EndGlobal
